
Microsoft Visual Studio Solution File, Format Version 12.00
# Visual Studio 2012
Project("{FAE04EC0-301F-11D3-BF4B-00C04F79EFBC}") = "LateSeatsMailSender", "LateSeatsMailSender\LateSeatsMailSender.csproj", "{F5D2C3BF-CC84-44D2-A3F9-7BD5B4ED4D7F}"
EndProject
Project("{FAE04EC0-301F-11D3-BF4B-00C04F79EFBC}") = "LateSeatsMailSenderTests", "LateSeatsMailSenderTests\LateSeatsMailSenderTests.csproj", "{AA7FA16F-16ED-4AD5-A542-B482B4918993}"
EndProject
Global
	GlobalSection(SolutionConfigurationPlatforms) = preSolution
		Debug|Any CPU = Debug|Any CPU
		Release|Any CPU = Release|Any CPU
	EndGlobalSection
	GlobalSection(ProjectConfigurationPlatforms) = postSolution
		{F5D2C3BF-CC84-44D2-A3F9-7BD5B4ED4D7F}.Debug|Any CPU.ActiveCfg = Debug|Any CPU
		{F5D2C3BF-CC84-44D2-A3F9-7BD5B4ED4D7F}.Debug|Any CPU.Build.0 = Debug|Any CPU
		{F5D2C3BF-CC84-44D2-A3F9-7BD5B4ED4D7F}.Release|Any CPU.ActiveCfg = Release|Any CPU
		{F5D2C3BF-CC84-44D2-A3F9-7BD5B4ED4D7F}.Release|Any CPU.Build.0 = Release|Any CPU
		{AA7FA16F-16ED-4AD5-A542-B482B4918993}.Debug|Any CPU.ActiveCfg = Debug|Any CPU
		{AA7FA16F-16ED-4AD5-A542-B482B4918993}.Debug|Any CPU.Build.0 = Debug|Any CPU
		{AA7FA16F-16ED-4AD5-A542-B482B4918993}.Release|Any CPU.ActiveCfg = Release|Any CPU
		{AA7FA16F-16ED-4AD5-A542-B482B4918993}.Release|Any CPU.Build.0 = Release|Any CPU
	EndGlobalSection
	GlobalSection(SolutionProperties) = preSolution
		HideSolutionNode = FALSE
	EndGlobalSection
EndGlobal
